// !$*UTF8*$!
{
	archiveVersion = 1;
	classes = {
	};
	objectVersion = 46;
	objects = {

/* Begin PBXBuildFile section */
		4C06B7041879A0C0001666B2 /* makePic.png in Resources */ = {isa = PBXBuildFile; fileRef = 4C06B7021879A0C0001666B2 /* makePic.png */; };
		4C06B7051879A0C0001666B2 /* fanIcon.png in Resources */ = {isa = PBXBuildFile; fileRef = 4C06B7031879A0C0001666B2 /* fanIcon.png */; };
		4C06B7081879A19B001666B2 /* InfoIcon.png in Resources */ = {isa = PBXBuildFile; fileRef = 4C06B7071879A19B001666B2 /* InfoIcon.png */; };
		4C5651B8186F815600978D33 /* Cocoa.framework in Frameworks */ = {isa = PBXBuildFile; fileRef = 4C5651B7186F815600978D33 /* Cocoa.framework */; };
		4C5651C2186F815600978D33 /* InfoPlist.strings in Resources */ = {isa = PBXBuildFile; fileRef = 4C5651C0186F815600978D33 /* InfoPlist.strings */; };
		4C5651C4186F815600978D33 /* main.m in Sources */ = {isa = PBXBuildFile; fileRef = 4C5651C3186F815600978D33 /* main.m */; };
		4C5651C8186F815600978D33 /* Credits.rtf in Resources */ = {isa = PBXBuildFile; fileRef = 4C5651C6186F815600978D33 /* Credits.rtf */; };
		4C5651CB186F815600978D33 /* AppDelegate.m in Sources */ = {isa = PBXBuildFile; fileRef = 4C5651CA186F815600978D33 /* AppDelegate.m */; };
		4C5651CE186F815600978D33 /* MainMenu.xib in Resources */ = {isa = PBXBuildFile; fileRef = 4C5651CC186F815600978D33 /* MainMenu.xib */; };
		4C5651D0186F815600978D33 /* Images.xcassets in Resources */ = {isa = PBXBuildFile; fileRef = 4C5651CF186F815600978D33 /* Images.xcassets */; };
		4C5651D7186F815600978D33 /* XCTest.framework in Frameworks */ = {isa = PBXBuildFile; fileRef = 4C5651D6186F815600978D33 /* XCTest.framework */; };
		4C5651D8186F815600978D33 /* Cocoa.framework in Frameworks */ = {isa = PBXBuildFile; fileRef = 4C5651B7186F815600978D33 /* Cocoa.framework */; };
		4C5651E0186F815600978D33 /* InfoPlist.strings in Resources */ = {isa = PBXBuildFile; fileRef = 4C5651DE186F815600978D33 /* InfoPlist.strings */; };
		4C5651E2186F815600978D33 /* gbMon2_ClientTests.m in Sources */ = {isa = PBXBuildFile; fileRef = 4C5651E1186F815600978D33 /* gbMon2_ClientTests.m */; };
		4C5651ED186F822600978D33 /* GCDAsyncUdpSocket.m in Sources */ = {isa = PBXBuildFile; fileRef = 4C5651EC186F822600978D33 /* GCDAsyncUdpSocket.m */; };
		4C7A189E18CD9CD400CBC593 /* up.png in Resources */ = {isa = PBXBuildFile; fileRef = 4C7A189A18CD9CD400CBC593 /* up.png */; };
		4C7A189F18CD9CD400CBC593 /* right.png in Resources */ = {isa = PBXBuildFile; fileRef = 4C7A189B18CD9CD400CBC593 /* right.png */; };
		4C7A18A018CD9CD400CBC593 /* left.png in Resources */ = {isa = PBXBuildFile; fileRef = 4C7A189C18CD9CD400CBC593 /* left.png */; };
		4C7A18A118CD9CD400CBC593 /* down.png in Resources */ = {isa = PBXBuildFile; fileRef = 4C7A189D18CD9CD400CBC593 /* down.png */; };
		4C80316718C63C5100A01BCC /* display.png in Resources */ = {isa = PBXBuildFile; fileRef = 4C80316618C63C5100A01BCC /* display.png */; };
		4CA41BB2187063A7007885F2 /* gbMon2.icns in Resources */ = {isa = PBXBuildFile; fileRef = 4CA41BB1187063A7007885F2 /* gbMon2.icns */; };
/* End PBXBuildFile section */

/* Begin PBXContainerItemProxy section */
		4C5651D9186F815600978D33 /* PBXContainerItemProxy */ = {
			isa = PBXContainerItemProxy;
			containerPortal = 4C5651AC186F815600978D33 /* Project object */;
			proxyType = 1;
			remoteGlobalIDString = 4C5651B3186F815600978D33;
			remoteInfo = "gbMon2 Client";
		};
/* End PBXContainerItemProxy section */

/* Begin PBXFileReference section */
		4C06B7021879A0C0001666B2 /* makePic.png */ = {isa = PBXFileReference; lastKnownFileType = image.png; path = makePic.png; sourceTree = "<group>"; };
		4C06B7031879A0C0001666B2 /* fanIcon.png */ = {isa = PBXFileReference; lastKnownFileType = image.png; path = fanIcon.png; sourceTree = "<group>"; };
		4C06B7071879A19B001666B2 /* InfoIcon.png */ = {isa = PBXFileReference; lastKnownFileType = image.png; name = InfoIcon.png; path = "gbMon2 Client/InfoIcon.png"; sourceTree = "<group>"; };
		4C5651B4186F815600978D33 /* gbMon2 Client.app */ = {isa = PBXFileReference; explicitFileType = wrapper.application; includeInIndex = 0; path = "gbMon2 Client.app"; sourceTree = BUILT_PRODUCTS_DIR; };
		4C5651B7186F815600978D33 /* Cocoa.framework */ = {isa = PBXFileReference; lastKnownFileType = wrapper.framework; name = Cocoa.framework; path = System/Library/Frameworks/Cocoa.framework; sourceTree = SDKROOT; };
		4C5651BA186F815600978D33 /* AppKit.framework */ = {isa = PBXFileReference; lastKnownFileType = wrapper.framework; name = AppKit.framework; path = System/Library/Frameworks/AppKit.framework; sourceTree = SDKROOT; };
		4C5651BB186F815600978D33 /* CoreData.framework */ = {isa = PBXFileReference; lastKnownFileType = wrapper.framework; name = CoreData.framework; path = System/Library/Frameworks/CoreData.framework; sourceTree = SDKROOT; };
		4C5651BC186F815600978D33 /* Foundation.framework */ = {isa = PBXFileReference; lastKnownFileType = wrapper.framework; name = Foundation.framework; path = System/Library/Frameworks/Foundation.framework; sourceTree = SDKROOT; };
		4C5651BF186F815600978D33 /* gbMon2 Client-Info.plist */ = {isa = PBXFileReference; lastKnownFileType = text.plist.xml; path = "gbMon2 Client-Info.plist"; sourceTree = "<group>"; };
		4C5651C1186F815600978D33 /* en */ = {isa = PBXFileReference; lastKnownFileType = text.plist.strings; name = en; path = en.lproj/InfoPlist.strings; sourceTree = "<group>"; };
		4C5651C3186F815600978D33 /* main.m */ = {isa = PBXFileReference; lastKnownFileType = sourcecode.c.objc; path = main.m; sourceTree = "<group>"; };
		4C5651C5186F815600978D33 /* gbMon2 Client-Prefix.pch */ = {isa = PBXFileReference; lastKnownFileType = sourcecode.c.h; path = "gbMon2 Client-Prefix.pch"; sourceTree = "<group>"; };
		4C5651C7186F815600978D33 /* en */ = {isa = PBXFileReference; lastKnownFileType = text.rtf; name = en; path = en.lproj/Credits.rtf; sourceTree = "<group>"; };
		4C5651C9186F815600978D33 /* AppDelegate.h */ = {isa = PBXFileReference; lastKnownFileType = sourcecode.c.h; path = AppDelegate.h; sourceTree = "<group>"; };
		4C5651CA186F815600978D33 /* AppDelegate.m */ = {isa = PBXFileReference; lastKnownFileType = sourcecode.c.objc; path = AppDelegate.m; sourceTree = "<group>"; };
		4C5651CD186F815600978D33 /* Base */ = {isa = PBXFileReference; lastKnownFileType = file.xib; name = Base; path = Base.lproj/MainMenu.xib; sourceTree = "<group>"; };
		4C5651CF186F815600978D33 /* Images.xcassets */ = {isa = PBXFileReference; lastKnownFileType = folder.assetcatalog; path = Images.xcassets; sourceTree = "<group>"; };
		4C5651D5186F815600978D33 /* gbMon2 ClientTests.xctest */ = {isa = PBXFileReference; explicitFileType = wrapper.cfbundle; includeInIndex = 0; path = "gbMon2 ClientTests.xctest"; sourceTree = BUILT_PRODUCTS_DIR; };
		4C5651D6186F815600978D33 /* XCTest.framework */ = {isa = PBXFileReference; lastKnownFileType = wrapper.framework; name = XCTest.framework; path = Library/Frameworks/XCTest.framework; sourceTree = DEVELOPER_DIR; };
		4C5651DD186F815600978D33 /* gbMon2 ClientTests-Info.plist */ = {isa = PBXFileReference; lastKnownFileType = text.plist.xml; path = "gbMon2 ClientTests-Info.plist"; sourceTree = "<group>"; };
		4C5651DF186F815600978D33 /* en */ = {isa = PBXFileReference; lastKnownFileType = text.plist.strings; name = en; path = en.lproj/InfoPlist.strings; sourceTree = "<group>"; };
		4C5651E1186F815600978D33 /* gbMon2_ClientTests.m */ = {isa = PBXFileReference; lastKnownFileType = sourcecode.c.objc; path = gbMon2_ClientTests.m; sourceTree = "<group>"; };
		4C5651EB186F822600978D33 /* GCDAsyncUdpSocket.h */ = {isa = PBXFileReference; fileEncoding = 4; lastKnownFileType = sourcecode.c.h; path = GCDAsyncUdpSocket.h; sourceTree = "<group>"; };
		4C5651EC186F822600978D33 /* GCDAsyncUdpSocket.m */ = {isa = PBXFileReference; fileEncoding = 4; lastKnownFileType = sourcecode.c.objc; path = GCDAsyncUdpSocket.m; sourceTree = "<group>"; };
		4C7A189A18CD9CD400CBC593 /* up.png */ = {isa = PBXFileReference; lastKnownFileType = image.png; path = up.png; sourceTree = "<group>"; };
		4C7A189B18CD9CD400CBC593 /* right.png */ = {isa = PBXFileReference; lastKnownFileType = image.png; path = right.png; sourceTree = "<group>"; };
		4C7A189C18CD9CD400CBC593 /* left.png */ = {isa = PBXFileReference; lastKnownFileType = image.png; path = left.png; sourceTree = "<group>"; };
		4C7A189D18CD9CD400CBC593 /* down.png */ = {isa = PBXFileReference; lastKnownFileType = image.png; path = down.png; sourceTree = "<group>"; };
		4C80316618C63C5100A01BCC /* display.png */ = {isa = PBXFileReference; lastKnownFileType = image.png; path = display.png; sourceTree = "<group>"; };
		4CA41BB1187063A7007885F2 /* gbMon2.icns */ = {isa = PBXFileReference; lastKnownFileType = image.icns; path = gbMon2.icns; sourceTree = "<group>"; };
/* End PBXFileReference section */

/* Begin PBXFrameworksBuildPhase section */
		4C5651B1186F815600978D33 /* Frameworks */ = {
			isa = PBXFrameworksBuildPhase;
			buildActionMask = 2147483647;
			files = (
				4C5651B8186F815600978D33 /* Cocoa.framework in Frameworks */,
			);
			runOnlyForDeploymentPostprocessing = 0;
		};
		4C5651D2186F815600978D33 /* Frameworks */ = {
			isa = PBXFrameworksBuildPhase;
			buildActionMask = 2147483647;
			files = (
				4C5651D8186F815600978D33 /* Cocoa.framework in Frameworks */,
				4C5651D7186F815600978D33 /* XCTest.framework in Frameworks */,
			);
			runOnlyForDeploymentPostprocessing = 0;
		};
/* End PBXFrameworksBuildPhase section */

/* Begin PBXGroup section */
		4C06B7061879A0CB001666B2 /* Resources */ = {
			isa = PBXGroup;
			children = (
				4C7A189A18CD9CD400CBC593 /* up.png */,
				4C7A189B18CD9CD400CBC593 /* right.png */,
				4C7A189C18CD9CD400CBC593 /* left.png */,
				4C7A189D18CD9CD400CBC593 /* down.png */,
				4C06B7071879A19B001666B2 /* InfoIcon.png */,
				4C06B7021879A0C0001666B2 /* makePic.png */,
				4C06B7031879A0C0001666B2 /* fanIcon.png */,
			);
			name = Resources;
			sourceTree = "<group>";
		};
		4C5651AB186F815600978D33 = {
			isa = PBXGroup;
			children = (
				4C06B7061879A0CB001666B2 /* Resources */,
				4C5651BD186F815600978D33 /* gbMon2 Client */,
				4C5651DB186F815600978D33 /* gbMon2 ClientTests */,
				4C5651B6186F815600978D33 /* Frameworks */,
				4C5651B5186F815600978D33 /* Products */,
			);
			sourceTree = "<group>";
		};
		4C5651B5186F815600978D33 /* Products */ = {
			isa = PBXGroup;
			children = (
				4C5651B4186F815600978D33 /* gbMon2 Client.app */,
				4C5651D5186F815600978D33 /* gbMon2 ClientTests.xctest */,
			);
			name = Products;
			sourceTree = "<group>";
		};
		4C5651B6186F815600978D33 /* Frameworks */ = {
			isa = PBXGroup;
			children = (
				4C5651B7186F815600978D33 /* Cocoa.framework */,
				4C5651D6186F815600978D33 /* XCTest.framework */,
				4C5651B9186F815600978D33 /* Other Frameworks */,
			);
			name = Frameworks;
			sourceTree = "<group>";
		};
		4C5651B9186F815600978D33 /* Other Frameworks */ = {
			isa = PBXGroup;
			children = (
				4C5651BA186F815600978D33 /* AppKit.framework */,
				4C5651BB186F815600978D33 /* CoreData.framework */,
				4C5651BC186F815600978D33 /* Foundation.framework */,
			);
			name = "Other Frameworks";
			sourceTree = "<group>";
		};
		4C5651BD186F815600978D33 /* gbMon2 Client */ = {
			isa = PBXGroup;
			children = (
				4C5651EE186F822C00978D33 /* UDP */,
				4C5651C9186F815600978D33 /* AppDelegate.h */,
				4C5651CA186F815600978D33 /* AppDelegate.m */,
				4C5651CC186F815600978D33 /* MainMenu.xib */,
				4C80316618C63C5100A01BCC /* display.png */,
				4C5651CF186F815600978D33 /* Images.xcassets */,
				4C5651BE186F815600978D33 /* Supporting Files */,
			);
			path = "gbMon2 Client";
			sourceTree = "<group>";
		};
		4C5651BE186F815600978D33 /* Supporting Files */ = {
			isa = PBXGroup;
			children = (
				4C5651BF186F815600978D33 /* gbMon2 Client-Info.plist */,
				4CA41BB1187063A7007885F2 /* gbMon2.icns */,
				4C5651C0186F815600978D33 /* InfoPlist.strings */,
				4C5651C3186F815600978D33 /* main.m */,
				4C5651C5186F815600978D33 /* gbMon2 Client-Prefix.pch */,
				4C5651C6186F815600978D33 /* Credits.rtf */,
			);
			name = "Supporting Files";
			sourceTree = "<group>";
		};
		4C5651DB186F815600978D33 /* gbMon2 ClientTests */ = {
			isa = PBXGroup;
			children = (
				4C5651E1186F815600978D33 /* gbMon2_ClientTests.m */,
				4C5651DC186F815600978D33 /* Supporting Files */,
			);
			path = "gbMon2 ClientTests";
			sourceTree = "<group>";
		};
		4C5651DC186F815600978D33 /* Supporting Files */ = {
			isa = PBXGroup;
			children = (
				4C5651DD186F815600978D33 /* gbMon2 ClientTests-Info.plist */,
				4C5651DE186F815600978D33 /* InfoPlist.strings */,
			);
			name = "Supporting Files";
			sourceTree = "<group>";
		};
		4C5651EE186F822C00978D33 /* UDP */ = {
			isa = PBXGroup;
			children = (
				4C5651EB186F822600978D33 /* GCDAsyncUdpSocket.h */,
				4C5651EC186F822600978D33 /* GCDAsyncUdpSocket.m */,
			);
			name = UDP;
			sourceTree = "<group>";
		};
/* End PBXGroup section */

/* Begin PBXNativeTarget section */
		4C5651B3186F815600978D33 /* gbMon2 Client */ = {
			isa = PBXNativeTarget;
			buildConfigurationList = 4C5651E5186F815600978D33 /* Build configuration list for PBXNativeTarget "gbMon2 Client" */;
			buildPhases = (
				4C5651B0186F815600978D33 /* Sources */,
				4C5651B1186F815600978D33 /* Frameworks */,
				4C5651B2186F815600978D33 /* Resources */,
			);
			buildRules = (
			);
			dependencies = (
			);
			name = "gbMon2 Client";
			productName = "gbMon2 Client";
			productReference = 4C5651B4186F815600978D33 /* gbMon2 Client.app */;
			productType = "com.apple.product-type.application";
		};
		4C5651D4186F815600978D33 /* gbMon2 ClientTests */ = {
			isa = PBXNativeTarget;
			buildConfigurationList = 4C5651E8186F815600978D33 /* Build configuration list for PBXNativeTarget "gbMon2 ClientTests" */;
			buildPhases = (
				4C5651D1186F815600978D33 /* Sources */,
				4C5651D2186F815600978D33 /* Frameworks */,
				4C5651D3186F815600978D33 /* Resources */,
			);
			buildRules = (
			);
			dependencies = (
				4C5651DA186F815600978D33 /* PBXTargetDependency */,
			);
			name = "gbMon2 ClientTests";
			productName = "gbMon2 ClientTests";
			productReference = 4C5651D5186F815600978D33 /* gbMon2 ClientTests.xctest */;
			productType = "com.apple.product-type.bundle.unit-test";
		};
/* End PBXNativeTarget section */

/* Begin PBXProject section */
		4C5651AC186F815600978D33 /* Project object */ = {
			isa = PBXProject;
			attributes = {
				LastUpgradeCheck = 0500;
				ORGANIZATIONNAME = michael;
				TargetAttributes = {
					4C5651D4186F815600978D33 = {
						TestTargetID = 4C5651B3186F815600978D33;
					};
				};
			};
			buildConfigurationList = 4C5651AF186F815600978D33 /* Build configuration list for PBXProject "gbMon2 Client" */;
			compatibilityVersion = "Xcode 3.2";
			developmentRegion = English;
			hasScannedForEncodings = 0;
			knownRegions = (
				en,
				Base,
			);
			mainGroup = 4C5651AB186F815600978D33;
			productRefGroup = 4C5651B5186F815600978D33 /* Products */;
			projectDirPath = "";
			projectRoot = "";
			targets = (
				4C5651B3186F815600978D33 /* gbMon2 Client */,
				4C5651D4186F815600978D33 /* gbMon2 ClientTests */,
			);
		};
/* End PBXProject section */

/* Begin PBXResourcesBuildPhase section */
		4C5651B2186F815600978D33 /* Resources */ = {
			isa = PBXResourcesBuildPhase;
			buildActionMask = 2147483647;
			files = (
				4C7A189E18CD9CD400CBC593 /* up.png in Resources */,
				4C5651C2186F815600978D33 /* InfoPlist.strings in Resources */,
				4C7A18A018CD9CD400CBC593 /* left.png in Resources */,
				4C7A18A118CD9CD400CBC593 /* down.png in Resources */,
				4C7A189F18CD9CD400CBC593 /* right.png in Resources */,
				4C5651D0186F815600978D33 /* Images.xcassets in Resources */,
				4C5651C8186F815600978D33 /* Credits.rtf in Resources */,
				4C5651CE186F815600978D33 /* MainMenu.xib in Resources */,
				4C06B7081879A19B001666B2 /* InfoIcon.png in Resources */,
				4C06B7051879A0C0001666B2 /* fanIcon.png in Resources */,
				4C06B7041879A0C0001666B2 /* makePic.png in Resources */,
				4CA41BB2187063A7007885F2 /* gbMon2.icns in Resources */,
				4C80316718C63C5100A01BCC /* display.png in Resources */,
			);
			runOnlyForDeploymentPostprocessing = 0;
		};
		4C5651D3186F815600978D33 /* Resources */ = {
			isa = PBXResourcesBuildPhase;
			buildActionMask = 2147483647;
			files = (
				4C5651E0186F815600978D33 /* InfoPlist.strings in Resources */,
			);
			runOnlyForDeploymentPostprocessing = 0;
		};
/* End PBXResourcesBuildPhase section */

/* Begin PBXSourcesBuildPhase section */
		4C5651B0186F815600978D33 /* Sources */ = {
			isa = PBXSourcesBuildPhase;
			buildActionMask = 2147483647;
			files = (
				4C5651CB186F815600978D33 /* AppDelegate.m in Sources */,
				4C5651ED186F822600978D33 /* GCDAsyncUdpSocket.m in Sources */,
				4C5651C4186F815600978D33 /* main.m in Sources */,
			);
			runOnlyForDeploymentPostprocessing = 0;
		};
		4C5651D1186F815600978D33 /* Sources */ = {
			isa = PBXSourcesBuildPhase;
			buildActionMask = 2147483647;
			files = (
				4C5651E2186F815600978D33 /* gbMon2_ClientTests.m in Sources */,
			);
			runOnlyForDeploymentPostprocessing = 0;
		};
/* End PBXSourcesBuildPhase section */

/* Begin PBXTargetDependency section */
		4C5651DA186F815600978D33 /* PBXTargetDependency */ = {
			isa = PBXTargetDependency;
			target = 4C5651B3186F815600978D33 /* gbMon2 Client */;
			targetProxy = 4C5651D9186F815600978D33 /* PBXContainerItemProxy */;
		};
/* End PBXTargetDependency section */

/* Begin PBXVariantGroup section */
		4C5651C0186F815600978D33 /* InfoPlist.strings */ = {
			isa = PBXVariantGroup;
			children = (
				4C5651C1186F815600978D33 /* en */,
			);
			name = InfoPlist.strings;
			sourceTree = "<group>";
		};
		4C5651C6186F815600978D33 /* Credits.rtf */ = {
			isa = PBXVariantGroup;
			children = (
				4C5651C7186F815600978D33 /* en */,
			);
			name = Credits.rtf;
			sourceTree = "<group>";
		};
		4C5651CC186F815600978D33 /* MainMenu.xib */ = {
			isa = PBXVariantGroup;
			children = (
				4C5651CD186F815600978D33 /* Base */,
			);
			name = MainMenu.xib;
			sourceTree = "<group>";
		};
		4C5651DE186F815600978D33 /* InfoPlist.strings */ = {
			isa = PBXVariantGroup;
			children = (
				4C5651DF186F815600978D33 /* en */,
			);
			name = InfoPlist.strings;
			sourceTree = "<group>";
		};
/* End PBXVariantGroup section */

/* Begin XCBuildConfiguration section */
		4C5651E3186F815600978D33 /* Debug */ = {
			isa = XCBuildConfiguration;
			buildSettings = {
				ALWAYS_SEARCH_USER_PATHS = NO;
				CLANG_CXX_LANGUAGE_STANDARD = "gnu++0x";
				CLANG_CXX_LIBRARY = "libc++";
				CLANG_ENABLE_OBJC_ARC = YES;
				CLANG_WARN_BOOL_CONVERSION = YES;
				CLANG_WARN_CONSTANT_CONVERSION = YES;
				CLANG_WARN_DIRECT_OBJC_ISA_USAGE = YES_ERROR;
				CLANG_WARN_EMPTY_BODY = YES;
				CLANG_WARN_ENUM_CONVERSION = YES;
				CLANG_WARN_INT_CONVERSION = YES;
				CLANG_WARN_OBJC_ROOT_CLASS = YES_ERROR;
				CLANG_WARN__DUPLICATE_METHOD_MATCH = YES;
				COPY_PHASE_STRIP = NO;
				GCC_C_LANGUAGE_STANDARD = gnu99;
				GCC_DYNAMIC_NO_PIC = NO;
				GCC_ENABLE_OBJC_EXCEPTIONS = YES;
				GCC_OPTIMIZATION_LEVEL = 0;
				GCC_PREPROCESSOR_DEFINITIONS = (
					"DEBUG=1",
					"$(inherited)",
				);
				GCC_SYMBOLS_PRIVATE_EXTERN = NO;
				GCC_WARN_64_TO_32_BIT_CONVERSION = YES;
				GCC_WARN_ABOUT_RETURN_TYPE = YES_ERROR;
				GCC_WARN_UNDECLARED_SELECTOR = YES;
				GCC_WARN_UNINITIALIZED_AUTOS = YES;
				GCC_WARN_UNUSED_FUNCTION = YES;
				GCC_WARN_UNUSED_VARIABLE = YES;
				MACOSX_DEPLOYMENT_TARGET = 10.9;
				ONLY_ACTIVE_ARCH = YES;
				SDKROOT = macosx;
			};
			name = Debug;
		};
		4C5651E4186F815600978D33 /* Release */ = {
			isa = XCBuildConfiguration;
			buildSettings = {
				ALWAYS_SEARCH_USER_PATHS = NO;
				CLANG_CXX_LANGUAGE_STANDARD = "gnu++0x";
				CLANG_CXX_LIBRARY = "libc++";
				CLANG_ENABLE_OBJC_ARC = YES;
				CLANG_WARN_BOOL_CONVERSION = YES;
				CLANG_WARN_CONSTANT_CONVERSION = YES;
				CLANG_WARN_DIRECT_OBJC_ISA_USAGE = YES_ERROR;
				CLANG_WARN_EMPTY_BODY = YES;
				CLANG_WARN_ENUM_CONVERSION = YES;
				CLANG_WARN_INT_CONVERSION = YES;
				CLANG_WARN_OBJC_ROOT_CLASS = YES_ERROR;
				CLANG_WARN__DUPLICATE_METHOD_MATCH = YES;
				COPY_PHASE_STRIP = YES;
				DEBUG_INFORMATION_FORMAT = "dwarf-with-dsym";
				ENABLE_NS_ASSERTIONS = NO;
				GCC_C_LANGUAGE_STANDARD = gnu99;
				GCC_ENABLE_OBJC_EXCEPTIONS = YES;
				GCC_WARN_64_TO_32_BIT_CONVERSION = YES;
				GCC_WARN_ABOUT_RETURN_TYPE = YES_ERROR;
				GCC_WARN_UNDECLARED_SELECTOR = YES;
				GCC_WARN_UNINITIALIZED_AUTOS = YES;
				GCC_WARN_UNUSED_FUNCTION = YES;
				GCC_WARN_UNUSED_VARIABLE = YES;
				MACOSX_DEPLOYMENT_TARGET = 10.9;
				SDKROOT = macosx;
			};
			name = Release;
		};
		4C5651E6186F815600978D33 /* Debug */ = {
			isa = XCBuildConfiguration;
			buildSettings = {
				ASSETCATALOG_COMPILER_APPICON_NAME = AppIcon;
				COMBINE_HIDPI_IMAGES = YES;
				GCC_PRECOMPILE_PREFIX_HEADER = YES;
				GCC_PREFIX_HEADER = "gbMon2 Client/gbMon2 Client-Prefix.pch";
				INFOPLIST_FILE = "gbMon2 Client/gbMon2 Client-Info.plist";
				PRODUCT_NAME = "$(TARGET_NAME)";
				WRAPPER_EXTENSION = app;
			};
			name = Debug;
		};
		4C5651E7186F815600978D33 /* Release */ = {
			isa = XCBuildConfiguration;
			buildSettings = {
				ASSETCATALOG_COMPILER_APPICON_NAME = AppIcon;
				COMBINE_HIDPI_IMAGES = YES;
				GCC_PRECOMPILE_PREFIX_HEADER = YES;
				GCC_PREFIX_HEADER = "gbMon2 Client/gbMon2 Client-Prefix.pch";
				INFOPLIST_FILE = "gbMon2 Client/gbMon2 Client-Info.plist";
				PRODUCT_NAME = "$(TARGET_NAME)";
				WRAPPER_EXTENSION = app;
			};
			name = Release;
		};
		4C5651E9186F815600978D33 /* Debug */ = {
			isa = XCBuildConfiguration;
			buildSettings = {
				BUNDLE_LOADER = "$(BUILT_PRODUCTS_DIR)/gbMon2 Client.app/Contents/MacOS/gbMon2 Client";
				COMBINE_HIDPI_IMAGES = YES;
				FRAMEWORK_SEARCH_PATHS = (
					"$(DEVELOPER_FRAMEWORKS_DIR)",
					"$(inherited)",
				);
				GCC_PRECOMPILE_PREFIX_HEADER = YES;
				GCC_PREFIX_HEADER = "gbMon2 Client/gbMon2 Client-Prefix.pch";
				GCC_PREPROCESSOR_DEFINITIONS = (
					"DEBUG=1",
					"$(inherited)",
				);
				INFOPLIST_FILE = "gbMon2 ClientTests/gbMon2 ClientTests-Info.plist";
				PRODUCT_NAME = "$(TARGET_NAME)";
				TEST_HOST = "$(BUNDLE_LOADER)";
				WRAPPER_EXTENSION = xctest;
			};
			name = Debug;
		};
		4C5651EA186F815600978D33 /* Release */ = {
			isa = XCBuildConfiguration;
			buildSettings = {
				BUNDLE_LOADER = "$(BUILT_PRODUCTS_DIR)/gbMon2 Client.app/Contents/MacOS/gbMon2 Client";
				COMBINE_HIDPI_IMAGES = YES;
				FRAMEWORK_SEARCH_PATHS = (
					"$(DEVELOPER_FRAMEWORKS_DIR)",
					"$(inherited)",
				);
				GCC_PRECOMPILE_PREFIX_HEADER = YES;
				GCC_PREFIX_HEADER = "gbMon2 Client/gbMon2 Client-Prefix.pch";
				INFOPLIST_FILE = "gbMon2 ClientTests/gbMon2 ClientTests-Info.plist";
				PRODUCT_NAME = "$(TARGET_NAME)";
				TEST_HOST = "$(BUNDLE_LOADER)";
				WRAPPER_EXTENSION = xctest;
			};
			name = Release;
		};
/* End XCBuildConfiguration section */

/* Begin XCConfigurationList section */
		4C5651AF186F815600978D33 /* Build configuration list for PBXProject "gbMon2 Client" */ = {
			isa = XCConfigurationList;
			buildConfigurations = (
				4C5651E3186F815600978D33 /* Debug */,
				4C5651E4186F815600978D33 /* Release */,
			);
			defaultConfigurationIsVisible = 0;
			defaultConfigurationName = Release;
		};
		4C5651E5186F815600978D33 /* Build configuration list for PBXNativeTarget "gbMon2 Client" */ = {
			isa = XCConfigurationList;
			buildConfigurations = (
				4C5651E6186F815600978D33 /* Debug */,
				4C5651E7186F815600978D33 /* Release */,
			);
			defaultConfigurationIsVisible = 0;
			defaultConfigurationName = Release;
		};
		4C5651E8186F815600978D33 /* Build configuration list for PBXNativeTarget "gbMon2 ClientTests" */ = {
			isa = XCConfigurationList;
			buildConfigurations = (
				4C5651E9186F815600978D33 /* Debug */,
				4C5651EA186F815600978D33 /* Release */,
			);
			defaultConfigurationIsVisible = 0;
			defaultConfigurationName = Release;
		};
/* End XCConfigurationList section */
	};
	rootObject = 4C5651AC186F815600978D33 /* Project object */;
}
